
Microsoft Visual Studio Solution File, Format Version 12.00
# Visual Studio Version 16
VisualStudioVersion = 16.0.30011.22
MinimumVisualStudioVersion = 10.0.40219.1
Project("{FAE04EC0-301F-11D3-BF4B-00C04F79EFBC}") = "MovieDatabase", "MovieDatabase\MovieDatabase.csproj", "{EC76F010-91CC-4668-834D-C9C42A086809}"
EndProject
Global
	GlobalSection(SolutionConfigurationPlatforms) = preSolution
		Debug|Any CPU = Debug|Any CPU
		Release|Any CPU = Release|Any CPU
	EndGlobalSection
	GlobalSection(ProjectConfigurationPlatforms) = postSolution
		{EC76F010-91CC-4668-834D-C9C42A086809}.Debug|Any CPU.ActiveCfg = Debug|Any CPU
		{EC76F010-91CC-4668-834D-C9C42A086809}.Debug|Any CPU.Build.0 = Debug|Any CPU
		{EC76F010-91CC-4668-834D-C9C42A086809}.Release|Any CPU.ActiveCfg = Release|Any CPU
		{EC76F010-91CC-4668-834D-C9C42A086809}.Release|Any CPU.Build.0 = Release|Any CPU
	EndGlobalSection
	GlobalSection(SolutionProperties) = preSolution
		HideSolutionNode = FALSE
	EndGlobalSection
	GlobalSection(ExtensibilityGlobals) = postSolution
		SolutionGuid = {EC14BADC-CF1E-4C08-BD46-66C689A572D5}
	EndGlobalSection
EndGlobal
